<?xml version="1.0" encoding="utf-8"?>
<Project ToolsVersion="4.0" xmlns="http://schemas.microsoft.com/developer/msbuild/2003">
  <ItemGroup>
    <Filter Include="Main">
      <UniqueIdentifier>{cd4158e0-ddd9-4e2b-bf3c-fc50615580ee}</UniqueIdentifier>
    </Filter>
    <Filter Include="Engine">
      <UniqueIdentifier>{35ce2bbd-2c5d-40f7-bfbd-961e27d54445}</UniqueIdentifier>
    </Filter>
    <Filter Include="Engine\Windowing">
      <UniqueIdentifier>{3171a492-b9ee-47d7-8c8b-79bf5cb2d536}</UniqueIdentifier>
    </Filter>
    <Filter Include="Engine\GraphicsEngine">
      <UniqueIdentifier>{72459d71-3f65-4628-9c55-5f3316787449}</UniqueIdentifier>
    </Filter>
    <Filter Include="Engine\Math">
      <UniqueIdentifier>{e12b45fc-70d8-428f-b4ce-0fb2a6a79b6e}</UniqueIdentifier>
    </Filter>
    <Filter Include="Engine\InputSystem">
      <UniqueIdentifier>{d3295c0d-96ab-4403-83eb-a444e18a5dc8}</UniqueIdentifier>
    </Filter>
    <Filter Include="Engine\GraphicsEngine\Render">
      <UniqueIdentifier>{3b21453a-ae17-4218-9baa-f3b325c5bf71}</UniqueIdentifier>
    </Filter>
    <Filter Include="Engine\GraphicsEngine\Render\ConstantBuffer">
      <UniqueIdentifier>{2e02d053-0eb1-467a-87b7-0f3a8e63b85b}</UniqueIdentifier>
    </Filter>
    <Filter Include="Engine\GraphicsEngine\Render\DeviceContext">
      <UniqueIdentifier>{cee88146-491c-4a35-9040-035bd5d5603b}</UniqueIdentifier>
    </Filter>
    <Filter Include="Engine\GraphicsEngine\Render\IndexBuffer">
      <UniqueIdentifier>{190280ae-aea2-433a-a58f-a4bd1390b543}</UniqueIdentifier>
    </Filter>
    <Filter Include="Engine\GraphicsEngine\Render\PixelShader">
      <UniqueIdentifier>{17758542-af1b-4d95-b84f-36a21c8dcb3c}</UniqueIdentifier>
    </Filter>
    <Filter Include="Engine\GraphicsEngine\Render\SwapChain">
      <UniqueIdentifier>{2a3a493d-e7db-47a0-aacb-86f6d9ca70f8}</UniqueIdentifier>
    </Filter>
    <Filter Include="Engine\GraphicsEngine\Render\VertexBuffer">
      <UniqueIdentifier>{68456fb8-181d-46dc-afc8-efcd80952610}</UniqueIdentifier>
    </Filter>
    <Filter Include="Engine\GraphicsEngine\Render\VertexShader">
      <UniqueIdentifier>{d83b77f1-823b-48ae-98c2-4bea7bbad3cc}</UniqueIdentifier>
    </Filter>
    <Filter Include="Engine\GraphicsEngine\ResourceManager">
      <UniqueIdentifier>{75dc62a9-bee0-4750-8ad7-17181ace1fce}</UniqueIdentifier>
    </Filter>
    <Filter Include="Engine\GraphicsEngine\ResourceManager\TextureManager">
      <UniqueIdentifier>{a918dea7-84ab-49ad-ae7f-dc5a4e936e49}</UniqueIdentifier>
    </Filter>
    <Filter Include="Engine\GraphicsEngine\ResourceManager\MeshManager">
      <UniqueIdentifier>{f42bd5f2-850d-46e0-a30d-1dfbe99cbae9}</UniqueIdentifier>
    </Filter>
    <Filter Include="Engine\GraphicsEngine\Materials">
      <UniqueIdentifier>{ce937177-036c-4abe-8568-6547da7459a1}</UniqueIdentifier>
    </Filter>
    <Filter Include="Main\SceneDemo">
      <UniqueIdentifier>{6330ea6d-7cd3-4f08-a114-20c70021f9cd}</UniqueIdentifier>
    </Filter>
    <Filter Include="Main\SpaceShooterDemo">
      <UniqueIdentifier>{1c9bcc91-27e8-48ea-9396-d06de18fed3f}</UniqueIdentifier>
    </Filter>
    <Filter Include="Main\SceneDemo\Shaders">
      <UniqueIdentifier>{be5cb796-d415-4476-a1d8-d050c39565a5}</UniqueIdentifier>
    </Filter>
    <Filter Include="Main\SceneDemo\Shaders\EarthShaders">
      <UniqueIdentifier>{64d23a42-f773-4d99-879f-96047a38d5e2}</UniqueIdentifier>
    </Filter>
    <Filter Include="Main\GlobalShaders">
      <UniqueIdentifier>{10724a19-d286-4151-a346-84562f0c6d10}</UniqueIdentifier>
    </Filter>
    <Filter Include="Main\GlobalShaders\SkyBox">
      <UniqueIdentifier>{32073db5-9779-40bc-96ea-d37498ede362}</UniqueIdentifier>
    </Filter>
    <Filter Include="Main\GlobalShaders\DirectionalLightShaders">
      <UniqueIdentifier>{f05fdde1-4145-46a9-b07e-fa4fdd924fef}</UniqueIdentifier>
    </Filter>
    <Filter Include="Main\GlobalShaders\PointLightShaders">
      <UniqueIdentifier>{c1c957b2-d754-47a5-be02-7262500edb7a}</UniqueIdentifier>
    </Filter>
  </ItemGroup>
  <ItemGroup>
    <ClCompile Include="Window.cpp">
      <Filter>Engine\Windowing</Filter>
    </ClCompile>
    <ClCompile Include="main.cpp">
      <Filter>Main</Filter>
    </ClCompile>
    <ClCompile Include="GraphicsEngine.cpp">
      <Filter>Engine\GraphicsEngine</Filter>
    </ClCompile>
    <ClCompile Include="SwapChain.cpp">
      <Filter>Engine\GraphicsEngine\Render\SwapChain</Filter>
    </ClCompile>
    <ClCompile Include="DeviceContext.cpp">
      <Filter>Engine\GraphicsEngine\Render\DeviceContext</Filter>
    </ClCompile>
    <ClCompile Include="VertexBuffer.cpp">
      <Filter>Engine\GraphicsEngine\Render\VertexBuffer</Filter>
    </ClCompile>
    <ClCompile Include="VertexShader.cpp">
      <Filter>Engine\GraphicsEngine\Render\VertexShader</Filter>
    </ClCompile>
    <ClCompile Include="PixelShader.cpp">
      <Filter>Engine\GraphicsEngine\Render\PixelShader</Filter>
    </ClCompile>
    <ClCompile Include="ConstantBuffer.cpp">
      <Filter>Engine\GraphicsEngine\Render\ConstantBuffer</Filter>
    </ClCompile>
    <ClCompile Include="IndexBuffer.cpp">
      <Filter>Engine\GraphicsEngine\Render\IndexBuffer</Filter>
    </ClCompile>
    <ClCompile Include="InputSystem.cpp">
      <Filter>Engine\InputSystem</Filter>
    </ClCompile>
    <ClCompile Include="RenderSystem.cpp">
      <Filter>Engine\GraphicsEngine\Render</Filter>
    </ClCompile>
    <ClCompile Include="Resource.cpp">
      <Filter>Engine\GraphicsEngine\ResourceManager</Filter>
    </ClCompile>
    <ClCompile Include="ResourceManager.cpp">
      <Filter>Engine\GraphicsEngine\ResourceManager</Filter>
    </ClCompile>
    <ClCompile Include="Texture.cpp">
      <Filter>Engine\GraphicsEngine\ResourceManager\TextureManager</Filter>
    </ClCompile>
    <ClCompile Include="TextureManager.cpp">
      <Filter>Engine\GraphicsEngine\ResourceManager\TextureManager</Filter>
    </ClCompile>
    <ClCompile Include="Mesh.cpp">
      <Filter>Engine\GraphicsEngine\ResourceManager\MeshManager</Filter>
    </ClCompile>
    <ClCompile Include="MeshManager.cpp">
      <Filter>Engine\GraphicsEngine\ResourceManager\MeshManager</Filter>
    </ClCompile>
    <ClCompile Include="VertexMesh.h">
      <Filter>Engine\Math</Filter>
    </ClCompile>
    <ClCompile Include="Material.cpp">
      <Filter>Engine\GraphicsEngine\Materials</Filter>
    </ClCompile>
    <ClCompile Include="AppWindow.cpp">
      <Filter>Main\SceneDemo</Filter>
    </ClCompile>
    <ClCompile Include="SpaceShooter.cpp">
      <Filter>Main\SpaceShooterDemo</Filter>
    </ClCompile>
  </ItemGroup>
  <ItemGroup>
    <ClInclude Include="Window.h">
      <Filter>Engine\Windowing</Filter>
    </ClInclude>
    <ClInclude Include="GraphicsEngine.h">
      <Filter>Engine\GraphicsEngine</Filter>
    </ClInclude>
    <ClInclude Include="SwapChain.h">
      <Filter>Engine\GraphicsEngine\Render\SwapChain</Filter>
    </ClInclude>
    <ClInclude Include="DeviceContext.h">
      <Filter>Engine\GraphicsEngine\Render\DeviceContext</Filter>
    </ClInclude>
    <ClInclude Include="VertexBuffer.h">
      <Filter>Engine\GraphicsEngine\Render\VertexBuffer</Filter>
    </ClInclude>
    <ClInclude Include="VertexShader.h">
      <Filter>Engine\GraphicsEngine\Render\VertexShader</Filter>
    </ClInclude>
    <ClInclude Include="PixelShader.h">
      <Filter>Engine\GraphicsEngine\Render\PixelShader</Filter>
    </ClInclude>
    <ClInclude Include="ConstantBuffer.h">
      <Filter>Engine\GraphicsEngine\Render\ConstantBuffer</Filter>
    </ClInclude>
    <ClInclude Include="Vector3D.h">
      <Filter>Engine\Math</Filter>
    </ClInclude>
    <ClInclude Include="Matrix4X4.h">
      <Filter>Engine\Math</Filter>
    </ClInclude>
    <ClInclude Include="IndexBuffer.h">
      <Filter>Engine\GraphicsEngine\Render\IndexBuffer</Filter>
    </ClInclude>
    <ClInclude Include="InputSystem.h">
      <Filter>Engine\InputSystem</Filter>
    </ClInclude>
    <ClInclude Include="InputInterface.h">
      <Filter>Engine\InputSystem</Filter>
    </ClInclude>
    <ClInclude Include="Point.h">
      <Filter>Engine\Math</Filter>
    </ClInclude>
    <ClInclude Include="Vector4D.h">
      <Filter>Engine\Math</Filter>
    </ClInclude>
    <ClInclude Include="RenderSystem.h">
      <Filter>Engine\GraphicsEngine\Render</Filter>
    </ClInclude>
    <ClInclude Include="Prerequisites.h">
      <Filter>Engine\GraphicsEngine</Filter>
    </ClInclude>
    <ClInclude Include="ResourceManager.h">
      <Filter>Engine\GraphicsEngine\ResourceManager</Filter>
    </ClInclude>
    <ClInclude Include="Resource.h">
      <Filter>Engine\GraphicsEngine\ResourceManager</Filter>
    </ClInclude>
    <ClInclude Include="Texture.h">
      <Filter>Engine\GraphicsEngine\ResourceManager\TextureManager</Filter>
    </ClInclude>
    <ClInclude Include="TextureManager.h">
      <Filter>Engine\GraphicsEngine\ResourceManager\TextureManager</Filter>
    </ClInclude>
    <ClInclude Include="Vector2D.h">
      <Filter>Engine\Math</Filter>
    </ClInclude>
    <ClInclude Include="Mesh.h">
      <Filter>Engine\GraphicsEngine\ResourceManager\MeshManager</Filter>
    </ClInclude>
    <ClInclude Include="MeshManager.h">
      <Filter>Engine\GraphicsEngine\ResourceManager\MeshManager</Filter>
    </ClInclude>
    <ClInclude Include="Material.h">
      <Filter>Engine\GraphicsEngine\Materials</Filter>
    </ClInclude>
    <ClInclude Include="AppWindow.h">
      <Filter>Main\SceneDemo</Filter>
    </ClInclude>
    <ClInclude Include="SpaceShooter.h">
      <Filter>Main\SpaceShooterDemo</Filter>
    </ClInclude>
    <ClInclude Include="MathUtilis.h">
      <Filter>Engine\Math</Filter>
    </ClInclude>
  </ItemGroup>
  <ItemGroup>
    <FxCompile Include="VertexMeshLayout.hlsl">
      <Filter>Engine\GraphicsEngine</Filter>
    </FxCompile>
    <FxCompile Include="PixelShader.hlsl">
      <Filter>Main\SceneDemo\Shaders\EarthShaders</Filter>
    </FxCompile>
    <FxCompile Include="VertexShader.hlsl">
      <Filter>Main\SceneDemo\Shaders\EarthShaders</Filter>
    </FxCompile>
    <FxCompile Include="PointLightVertexShader.hlsl">
      <Filter>Main\GlobalShaders\PointLightShaders</Filter>
    </FxCompile>
    <FxCompile Include="PointLightPixelShader.hlsl">
      <Filter>Main\GlobalShaders\PointLightShaders</Filter>
    </FxCompile>
    <FxCompile Include="DirLightPixelShader.hlsl">
      <Filter>Main\GlobalShaders\DirectionalLightShaders</Filter>
    </FxCompile>
    <FxCompile Include="DirLightVertexShader.hlsl">
      <Filter>Main\GlobalShaders\DirectionalLightShaders</Filter>
    </FxCompile>
    <FxCompile Include="SkyBoxShader.hlsl">
      <Filter>Main\GlobalShaders\SkyBox</Filter>
    </FxCompile>
    <FxCompile Include="SkyBoxVertexShader.hlsl">
      <Filter>Main\GlobalShaders\SkyBox</Filter>
    </FxCompile>
  </ItemGroup>
</Project>